
Microsoft Visual Studio Solution File, Format Version 12.00
# Visual Studio Version 17
VisualStudioVersion = 17.9.34902.65
MinimumVisualStudioVersion = 10.0.40219.1
Project("{9A19103F-16F7-4668-BE54-9A1E7A4F7556}") = "MauiAppSEMB", "MauiAppSEMB\MauiAppSEMB.csproj", "{DE5CB9CC-A211-4F08-AC38-0D1080B0FC6E}"
EndProject
Project("{FAE04EC0-301F-11D3-BF4B-00C04F79EFBC}") = "localhostAPI", "..\localhostAPI\localhostAPI\localhostAPI.csproj", "{BEF8B889-FD9E-40CE-9E78-6C62BF0D0CC7}"
EndProject
Global
	GlobalSection(SolutionConfigurationPlatforms) = preSolution
		Debug|Any CPU = Debug|Any CPU
		Release|Any CPU = Release|Any CPU
	EndGlobalSection
	GlobalSection(ProjectConfigurationPlatforms) = postSolution
		{DE5CB9CC-A211-4F08-AC38-0D1080B0FC6E}.Debug|Any CPU.ActiveCfg = Debug|Any CPU
		{DE5CB9CC-A211-4F08-AC38-0D1080B0FC6E}.Debug|Any CPU.Build.0 = Debug|Any CPU
		{DE5CB9CC-A211-4F08-AC38-0D1080B0FC6E}.Debug|Any CPU.Deploy.0 = Debug|Any CPU
		{DE5CB9CC-A211-4F08-AC38-0D1080B0FC6E}.Release|Any CPU.ActiveCfg = Release|Any CPU
		{DE5CB9CC-A211-4F08-AC38-0D1080B0FC6E}.Release|Any CPU.Build.0 = Release|Any CPU
		{DE5CB9CC-A211-4F08-AC38-0D1080B0FC6E}.Release|Any CPU.Deploy.0 = Release|Any CPU
		{BEF8B889-FD9E-40CE-9E78-6C62BF0D0CC7}.Debug|Any CPU.ActiveCfg = Debug|Any CPU
		{BEF8B889-FD9E-40CE-9E78-6C62BF0D0CC7}.Debug|Any CPU.Build.0 = Debug|Any CPU
		{BEF8B889-FD9E-40CE-9E78-6C62BF0D0CC7}.Release|Any CPU.ActiveCfg = Release|Any CPU
		{BEF8B889-FD9E-40CE-9E78-6C62BF0D0CC7}.Release|Any CPU.Build.0 = Release|Any CPU
	EndGlobalSection
	GlobalSection(SolutionProperties) = preSolution
		HideSolutionNode = FALSE
	EndGlobalSection
	GlobalSection(ExtensibilityGlobals) = postSolution
		SolutionGuid = {D3F28E4E-F794-4B00-8FED-15AE1FA9A4B5}
	EndGlobalSection
EndGlobal
